
Microsoft Visual Studio Solution File, Format Version 12.00
# Visual Studio 15
VisualStudioVersion = 15.0.26403.7
MinimumVisualStudioVersion = 10.0.40219.1
Project("{FAE04EC0-301F-11D3-BF4B-00C04F79EFBC}") = "GeneratorGeffego", "GeneratorGeffego\GeneratorGeffego.csproj", "{D657BB53-DDB5-4F57-95A9-8ABA073E7EFA}"
EndProject
Global
	GlobalSection(SolutionConfigurationPlatforms) = preSolution
		Debug|Any CPU = Debug|Any CPU
		Release|Any CPU = Release|Any CPU
	EndGlobalSection
	GlobalSection(ProjectConfigurationPlatforms) = postSolution
		{D657BB53-DDB5-4F57-95A9-8ABA073E7EFA}.Debug|Any CPU.ActiveCfg = Debug|Any CPU
		{D657BB53-DDB5-4F57-95A9-8ABA073E7EFA}.Debug|Any CPU.Build.0 = Debug|Any CPU
		{D657BB53-DDB5-4F57-95A9-8ABA073E7EFA}.Release|Any CPU.ActiveCfg = Release|Any CPU
		{D657BB53-DDB5-4F57-95A9-8ABA073E7EFA}.Release|Any CPU.Build.0 = Release|Any CPU
	EndGlobalSection
	GlobalSection(SolutionProperties) = preSolution
		HideSolutionNode = FALSE
	EndGlobalSection
EndGlobal
